
Microsoft Visual Studio Solution File, Format Version 12.00
# Visual Studio Version 17
VisualStudioVersion = 17.4.33213.308
MinimumVisualStudioVersion = 10.0.40219.1
Project("{2150E333-8FDC-42A3-9474-1A3956D46DE8}") = "src", "src", "{4B37E92C-1DF6-438C-9425-9CD42E69700A}"
EndProject
Project("{2150E333-8FDC-42A3-9474-1A3956D46DE8}") = "CleanArchitecture", "CleanArchitecture", "{5F5AB138-6E49-41BC-B306-6D62A63E2432}"
EndProject
Project("{2150E333-8FDC-42A3-9474-1A3956D46DE8}") = "Common", "Common", "{5CDB722D-5B36-455F-9612-9C39498D9693}"
EndProject
Project("{2150E333-8FDC-42A3-9474-1A3956D46DE8}") = "Application", "Application", "{B9DA8252-341F-42A9-9F68-C3EA73DA59E2}"
EndProject
Project("{2150E333-8FDC-42A3-9474-1A3956D46DE8}") = "Infrastructure", "Infrastructure", "{6B6CEE94-B90C-45D1-A830-A1032D8130CD}"
EndProject
Project("{2150E333-8FDC-42A3-9474-1A3956D46DE8}") = "Presentation", "Presentation", "{59681847-C354-4051-878A-EA3267B110B0}"
EndProject
Project("{2150E333-8FDC-42A3-9474-1A3956D46DE8}") = "Domain", "Domain", "{C0603091-7FC2-4294-94F4-EFBDCB71D365}"
EndProject
Project("{2150E333-8FDC-42A3-9474-1A3956D46DE8}") = "Security", "Security", "{E1077387-D7F5-4EC5-834B-25E31D64F23D}"
EndProject
Project("{9A19103F-16F7-4668-BE54-9A1E7A4F7556}") = "TGF.CA.Infrastructure.Identity", "src\CleanArchitecture\Infrastructure\Security\TGF.CA.Infrastructure.Identity\TGF.CA.Infrastructure.Identity.csproj", "{84D15166-E0B5-46F7-98E3-A2B9F49EB3BE}"
EndProject
Project("{9A19103F-16F7-4668-BE54-9A1E7A4F7556}") = "TGF.CA.Infrastructure.Secrets", "src\CleanArchitecture\Infrastructure\Security\TGF.CA.Infrastructure.Secrets\TGF.CA.Infrastructure.Secrets.csproj", "{5FADADFE-CC37-4F4A-9BFD-9B4B19674A11}"
EndProject
Project("{9A19103F-16F7-4668-BE54-9A1E7A4F7556}") = "TGF.Common.Extensions", "src\Common\TGF.Common.Extensions\TGF.Common.Extensions.csproj", "{71C69BEA-143A-4FA0-8D1B-65A43DD746BD}"
EndProject
Project("{9A19103F-16F7-4668-BE54-9A1E7A4F7556}") = "TGF.Common.Logging", "src\Common\TGF.Common.Logging\TGF.Common.Logging.csproj", "{26468AF8-514B-43E0-A1FC-6416E5C5FC09}"
EndProject
Project("{9A19103F-16F7-4668-BE54-9A1E7A4F7556}") = "TGF.Common.Net", "src\Common\TGF.Common.Net\TGF.Common.Net.csproj", "{F5F14F08-0B34-4F3B-A7A4-0B41694058F0}"
EndProject
Project("{9A19103F-16F7-4668-BE54-9A1E7A4F7556}") = "TGF.Common.ROP", "src\Common\TGF.Common.ROP\TGF.Common.ROP.csproj", "{C0A87DE6-237C-43AE-BABD-B018608D0420}"
EndProject
Project("{9A19103F-16F7-4668-BE54-9A1E7A4F7556}") = "TGF.Common.Serialization", "src\Common\TGF.Common.Serialization\TGF.Common.Serialization.csproj", "{DAD7903B-F163-4364-B37A-A8DDC3FFFE2D}"
EndProject
Project("{9A19103F-16F7-4668-BE54-9A1E7A4F7556}") = "TGF.CA.Presentation", "src\CleanArchitecture\Presentation\TGF.CA.Presentation\TGF.CA.Presentation.csproj", "{40FC92F3-32C7-4C9D-A14F-948CC3DA38F1}"
EndProject
Project("{9A19103F-16F7-4668-BE54-9A1E7A4F7556}") = "TGF.CA.Infrastructure", "src\CleanArchitecture\Infrastructure\TGF.CA.Infrastructure\TGF.CA.Infrastructure.csproj", "{F0C0356F-1FF0-452A-B77D-56DFD43727C5}"
EndProject
Project("{9A19103F-16F7-4668-BE54-9A1E7A4F7556}") = "TGF.CA.Infrastructure.Discovery", "src\CleanArchitecture\Infrastructure\TGF.CA.Infrastructure.Discovery\TGF.CA.Infrastructure.Discovery.csproj", "{A2508E79-471B-4E7A-9971-37DBFD23E90A}"
EndProject
Project("{2150E333-8FDC-42A3-9474-1A3956D46DE8}") = "Persistence", "Persistence", "{1327FF9E-0D53-46FB-9288-A5CC30096386}"
EndProject
Project("{2150E333-8FDC-42A3-9474-1A3956D46DE8}") = "DB", "DB", "{0740AACA-A7FF-4AFF-BDBF-1A192C7F5C54}"
EndProject
Project("{9A19103F-16F7-4668-BE54-9A1E7A4F7556}") = "TGF.CA.Infrastructure.DB", "src\CleanArchitecture\Infrastructure\Persistence\DB\TGF.CA.Infrastructure.DB\TGF.CA.Infrastructure.DB.csproj", "{379FE658-BA59-4190-9FC1-A0D548F07743}"
EndProject
Project("{9A19103F-16F7-4668-BE54-9A1E7A4F7556}") = "TGF.CA.Infrastructure.DB.PostgreSQL", "src\CleanArchitecture\Infrastructure\Persistence\DB\TGF.CA.Infrastructure.DB.PostgreSQL\TGF.CA.Infrastructure.DB.PostgreSQL.csproj", "{81E35DC3-EBB4-4B2D-BCD6-847297988654}"
EndProject
Project("{9A19103F-16F7-4668-BE54-9A1E7A4F7556}") = "TGF.CA.Infrastructure.DB.MySQL", "src\CleanArchitecture\Infrastructure\Persistence\DB\TGF.CA.Infrastructure.Persistence.DB.MySQL\TGF.CA.Infrastructure.DB.MySQL.csproj", "{A87FD9DB-2814-4924-AB0B-9B3AE2BB7796}"
EndProject
Project("{9A19103F-16F7-4668-BE54-9A1E7A4F7556}") = "TGF.CA.Domain", "src\CleanArchitecture\Domain\TGF.CA.Domain\TGF.CA.Domain.csproj", "{4527198B-54ED-4C73-A935-59BFCC2589CB}"
EndProject
Project("{9A19103F-16F7-4668-BE54-9A1E7A4F7556}") = "TGF.CA.Domain.Aggregate", "src\CleanArchitecture\Domain\TGF.CA.Domain.Aggregate\TGF.CA.Domain.Aggregate.csproj", "{24465F5E-1695-4EEE-83F7-5C2D4A01F281}"
EndProject
Project("{9A19103F-16F7-4668-BE54-9A1E7A4F7556}") = "TGF.CA.Application", "src\CleanArchitecture\Application\TGF.CA.Application\TGF.CA.Application.csproj", "{DEC0EA3F-EBFC-4D82-8E4D-2F4E16465543}"
EndProject
Project("{2150E333-8FDC-42A3-9474-1A3956D46DE8}") = "Comm", "Comm", "{AA3CAB4F-ECF4-409C-AEC7-1AE7C974644E}"
EndProject
Project("{9A19103F-16F7-4668-BE54-9A1E7A4F7556}") = "TGF.CA.Infrastructure.Comm", "src\CleanArchitecture\Infrastructure\Comm\TGF.CA.Infrastructure.Comm\TGF.CA.Infrastructure.Comm.csproj", "{44D52ECF-1880-4025-B039-CD3FA0DDC630}"
EndProject
Project("{9A19103F-16F7-4668-BE54-9A1E7A4F7556}") = "TGF.CA.Infrastructure.Comm.RabbitMQ", "src\CleanArchitecture\Infrastructure\Comm\TGF.CA.Infrastructure.Comm.RabbitMQ\TGF.CA.Infrastructure.Comm.RabbitMQ.csproj", "{F46CF8F0-F2CE-4126-BA83-A40F1401851E}"
EndProject
Project("{9A19103F-16F7-4668-BE54-9A1E7A4F7556}") = "TGF.Common.Patterns", "src\Common\TGF.Common.Patterns\TGF.Common.Patterns.csproj", "{06A1A7E6-02A5-45BA-9AE9-F70EAF2BDD3F}"
EndProject
Global
	GlobalSection(SolutionConfigurationPlatforms) = preSolution
		Debug|Any CPU = Debug|Any CPU
		Release|Any CPU = Release|Any CPU
	EndGlobalSection
	GlobalSection(ProjectConfigurationPlatforms) = postSolution
		{84D15166-E0B5-46F7-98E3-A2B9F49EB3BE}.Debug|Any CPU.ActiveCfg = Debug|Any CPU
		{84D15166-E0B5-46F7-98E3-A2B9F49EB3BE}.Debug|Any CPU.Build.0 = Debug|Any CPU
		{84D15166-E0B5-46F7-98E3-A2B9F49EB3BE}.Release|Any CPU.ActiveCfg = Release|Any CPU
		{84D15166-E0B5-46F7-98E3-A2B9F49EB3BE}.Release|Any CPU.Build.0 = Release|Any CPU
		{5FADADFE-CC37-4F4A-9BFD-9B4B19674A11}.Debug|Any CPU.ActiveCfg = Debug|Any CPU
		{5FADADFE-CC37-4F4A-9BFD-9B4B19674A11}.Debug|Any CPU.Build.0 = Debug|Any CPU
		{5FADADFE-CC37-4F4A-9BFD-9B4B19674A11}.Release|Any CPU.ActiveCfg = Release|Any CPU
		{5FADADFE-CC37-4F4A-9BFD-9B4B19674A11}.Release|Any CPU.Build.0 = Release|Any CPU
		{71C69BEA-143A-4FA0-8D1B-65A43DD746BD}.Debug|Any CPU.ActiveCfg = Debug|Any CPU
		{71C69BEA-143A-4FA0-8D1B-65A43DD746BD}.Debug|Any CPU.Build.0 = Debug|Any CPU
		{71C69BEA-143A-4FA0-8D1B-65A43DD746BD}.Release|Any CPU.ActiveCfg = Release|Any CPU
		{71C69BEA-143A-4FA0-8D1B-65A43DD746BD}.Release|Any CPU.Build.0 = Release|Any CPU
		{26468AF8-514B-43E0-A1FC-6416E5C5FC09}.Debug|Any CPU.ActiveCfg = Debug|Any CPU
		{26468AF8-514B-43E0-A1FC-6416E5C5FC09}.Debug|Any CPU.Build.0 = Debug|Any CPU
		{26468AF8-514B-43E0-A1FC-6416E5C5FC09}.Release|Any CPU.ActiveCfg = Release|Any CPU
		{26468AF8-514B-43E0-A1FC-6416E5C5FC09}.Release|Any CPU.Build.0 = Release|Any CPU
		{F5F14F08-0B34-4F3B-A7A4-0B41694058F0}.Debug|Any CPU.ActiveCfg = Debug|Any CPU
		{F5F14F08-0B34-4F3B-A7A4-0B41694058F0}.Debug|Any CPU.Build.0 = Debug|Any CPU
		{F5F14F08-0B34-4F3B-A7A4-0B41694058F0}.Release|Any CPU.ActiveCfg = Release|Any CPU
		{F5F14F08-0B34-4F3B-A7A4-0B41694058F0}.Release|Any CPU.Build.0 = Release|Any CPU
		{C0A87DE6-237C-43AE-BABD-B018608D0420}.Debug|Any CPU.ActiveCfg = Debug|Any CPU
		{C0A87DE6-237C-43AE-BABD-B018608D0420}.Debug|Any CPU.Build.0 = Debug|Any CPU
		{C0A87DE6-237C-43AE-BABD-B018608D0420}.Release|Any CPU.ActiveCfg = Release|Any CPU
		{C0A87DE6-237C-43AE-BABD-B018608D0420}.Release|Any CPU.Build.0 = Release|Any CPU
		{DAD7903B-F163-4364-B37A-A8DDC3FFFE2D}.Debug|Any CPU.ActiveCfg = Debug|Any CPU
		{DAD7903B-F163-4364-B37A-A8DDC3FFFE2D}.Debug|Any CPU.Build.0 = Debug|Any CPU
		{DAD7903B-F163-4364-B37A-A8DDC3FFFE2D}.Release|Any CPU.ActiveCfg = Release|Any CPU
		{DAD7903B-F163-4364-B37A-A8DDC3FFFE2D}.Release|Any CPU.Build.0 = Release|Any CPU
		{40FC92F3-32C7-4C9D-A14F-948CC3DA38F1}.Debug|Any CPU.ActiveCfg = Debug|Any CPU
		{40FC92F3-32C7-4C9D-A14F-948CC3DA38F1}.Debug|Any CPU.Build.0 = Debug|Any CPU
		{40FC92F3-32C7-4C9D-A14F-948CC3DA38F1}.Release|Any CPU.ActiveCfg = Release|Any CPU
		{40FC92F3-32C7-4C9D-A14F-948CC3DA38F1}.Release|Any CPU.Build.0 = Release|Any CPU
		{F0C0356F-1FF0-452A-B77D-56DFD43727C5}.Debug|Any CPU.ActiveCfg = Debug|Any CPU
		{F0C0356F-1FF0-452A-B77D-56DFD43727C5}.Debug|Any CPU.Build.0 = Debug|Any CPU
		{F0C0356F-1FF0-452A-B77D-56DFD43727C5}.Release|Any CPU.ActiveCfg = Release|Any CPU
		{F0C0356F-1FF0-452A-B77D-56DFD43727C5}.Release|Any CPU.Build.0 = Release|Any CPU
		{A2508E79-471B-4E7A-9971-37DBFD23E90A}.Debug|Any CPU.ActiveCfg = Debug|Any CPU
		{A2508E79-471B-4E7A-9971-37DBFD23E90A}.Debug|Any CPU.Build.0 = Debug|Any CPU
		{A2508E79-471B-4E7A-9971-37DBFD23E90A}.Release|Any CPU.ActiveCfg = Release|Any CPU
		{A2508E79-471B-4E7A-9971-37DBFD23E90A}.Release|Any CPU.Build.0 = Release|Any CPU
		{379FE658-BA59-4190-9FC1-A0D548F07743}.Debug|Any CPU.ActiveCfg = Debug|Any CPU
		{379FE658-BA59-4190-9FC1-A0D548F07743}.Debug|Any CPU.Build.0 = Debug|Any CPU
		{379FE658-BA59-4190-9FC1-A0D548F07743}.Release|Any CPU.ActiveCfg = Release|Any CPU
		{379FE658-BA59-4190-9FC1-A0D548F07743}.Release|Any CPU.Build.0 = Release|Any CPU
		{81E35DC3-EBB4-4B2D-BCD6-847297988654}.Debug|Any CPU.ActiveCfg = Debug|Any CPU
		{81E35DC3-EBB4-4B2D-BCD6-847297988654}.Debug|Any CPU.Build.0 = Debug|Any CPU
		{81E35DC3-EBB4-4B2D-BCD6-847297988654}.Release|Any CPU.ActiveCfg = Release|Any CPU
		{81E35DC3-EBB4-4B2D-BCD6-847297988654}.Release|Any CPU.Build.0 = Release|Any CPU
		{A87FD9DB-2814-4924-AB0B-9B3AE2BB7796}.Debug|Any CPU.ActiveCfg = Debug|Any CPU
		{A87FD9DB-2814-4924-AB0B-9B3AE2BB7796}.Debug|Any CPU.Build.0 = Debug|Any CPU
		{A87FD9DB-2814-4924-AB0B-9B3AE2BB7796}.Release|Any CPU.ActiveCfg = Release|Any CPU
		{A87FD9DB-2814-4924-AB0B-9B3AE2BB7796}.Release|Any CPU.Build.0 = Release|Any CPU
		{4527198B-54ED-4C73-A935-59BFCC2589CB}.Debug|Any CPU.ActiveCfg = Debug|Any CPU
		{4527198B-54ED-4C73-A935-59BFCC2589CB}.Debug|Any CPU.Build.0 = Debug|Any CPU
		{4527198B-54ED-4C73-A935-59BFCC2589CB}.Release|Any CPU.ActiveCfg = Release|Any CPU
		{4527198B-54ED-4C73-A935-59BFCC2589CB}.Release|Any CPU.Build.0 = Release|Any CPU
		{24465F5E-1695-4EEE-83F7-5C2D4A01F281}.Debug|Any CPU.ActiveCfg = Debug|Any CPU
		{24465F5E-1695-4EEE-83F7-5C2D4A01F281}.Debug|Any CPU.Build.0 = Debug|Any CPU
		{24465F5E-1695-4EEE-83F7-5C2D4A01F281}.Release|Any CPU.ActiveCfg = Release|Any CPU
		{24465F5E-1695-4EEE-83F7-5C2D4A01F281}.Release|Any CPU.Build.0 = Release|Any CPU
		{DEC0EA3F-EBFC-4D82-8E4D-2F4E16465543}.Debug|Any CPU.ActiveCfg = Debug|Any CPU
		{DEC0EA3F-EBFC-4D82-8E4D-2F4E16465543}.Debug|Any CPU.Build.0 = Debug|Any CPU
		{DEC0EA3F-EBFC-4D82-8E4D-2F4E16465543}.Release|Any CPU.ActiveCfg = Release|Any CPU
		{DEC0EA3F-EBFC-4D82-8E4D-2F4E16465543}.Release|Any CPU.Build.0 = Release|Any CPU
		{44D52ECF-1880-4025-B039-CD3FA0DDC630}.Debug|Any CPU.ActiveCfg = Debug|Any CPU
		{44D52ECF-1880-4025-B039-CD3FA0DDC630}.Debug|Any CPU.Build.0 = Debug|Any CPU
		{44D52ECF-1880-4025-B039-CD3FA0DDC630}.Release|Any CPU.ActiveCfg = Release|Any CPU
		{44D52ECF-1880-4025-B039-CD3FA0DDC630}.Release|Any CPU.Build.0 = Release|Any CPU
		{F46CF8F0-F2CE-4126-BA83-A40F1401851E}.Debug|Any CPU.ActiveCfg = Debug|Any CPU
		{F46CF8F0-F2CE-4126-BA83-A40F1401851E}.Debug|Any CPU.Build.0 = Debug|Any CPU
		{F46CF8F0-F2CE-4126-BA83-A40F1401851E}.Release|Any CPU.ActiveCfg = Release|Any CPU
		{F46CF8F0-F2CE-4126-BA83-A40F1401851E}.Release|Any CPU.Build.0 = Release|Any CPU
		{06A1A7E6-02A5-45BA-9AE9-F70EAF2BDD3F}.Debug|Any CPU.ActiveCfg = Debug|Any CPU
		{06A1A7E6-02A5-45BA-9AE9-F70EAF2BDD3F}.Debug|Any CPU.Build.0 = Debug|Any CPU
		{06A1A7E6-02A5-45BA-9AE9-F70EAF2BDD3F}.Release|Any CPU.ActiveCfg = Release|Any CPU
		{06A1A7E6-02A5-45BA-9AE9-F70EAF2BDD3F}.Release|Any CPU.Build.0 = Release|Any CPU
	EndGlobalSection
	GlobalSection(SolutionProperties) = preSolution
		HideSolutionNode = FALSE
	EndGlobalSection
	GlobalSection(NestedProjects) = preSolution
		{5F5AB138-6E49-41BC-B306-6D62A63E2432} = {4B37E92C-1DF6-438C-9425-9CD42E69700A}
		{5CDB722D-5B36-455F-9612-9C39498D9693} = {4B37E92C-1DF6-438C-9425-9CD42E69700A}
		{B9DA8252-341F-42A9-9F68-C3EA73DA59E2} = {5F5AB138-6E49-41BC-B306-6D62A63E2432}
		{6B6CEE94-B90C-45D1-A830-A1032D8130CD} = {5F5AB138-6E49-41BC-B306-6D62A63E2432}
		{59681847-C354-4051-878A-EA3267B110B0} = {5F5AB138-6E49-41BC-B306-6D62A63E2432}
		{C0603091-7FC2-4294-94F4-EFBDCB71D365} = {5F5AB138-6E49-41BC-B306-6D62A63E2432}
		{E1077387-D7F5-4EC5-834B-25E31D64F23D} = {6B6CEE94-B90C-45D1-A830-A1032D8130CD}
		{84D15166-E0B5-46F7-98E3-A2B9F49EB3BE} = {E1077387-D7F5-4EC5-834B-25E31D64F23D}
		{5FADADFE-CC37-4F4A-9BFD-9B4B19674A11} = {E1077387-D7F5-4EC5-834B-25E31D64F23D}
		{71C69BEA-143A-4FA0-8D1B-65A43DD746BD} = {5CDB722D-5B36-455F-9612-9C39498D9693}
		{26468AF8-514B-43E0-A1FC-6416E5C5FC09} = {5CDB722D-5B36-455F-9612-9C39498D9693}
		{F5F14F08-0B34-4F3B-A7A4-0B41694058F0} = {5CDB722D-5B36-455F-9612-9C39498D9693}
		{C0A87DE6-237C-43AE-BABD-B018608D0420} = {5CDB722D-5B36-455F-9612-9C39498D9693}
		{DAD7903B-F163-4364-B37A-A8DDC3FFFE2D} = {5CDB722D-5B36-455F-9612-9C39498D9693}
		{40FC92F3-32C7-4C9D-A14F-948CC3DA38F1} = {59681847-C354-4051-878A-EA3267B110B0}
		{F0C0356F-1FF0-452A-B77D-56DFD43727C5} = {6B6CEE94-B90C-45D1-A830-A1032D8130CD}
		{A2508E79-471B-4E7A-9971-37DBFD23E90A} = {6B6CEE94-B90C-45D1-A830-A1032D8130CD}
		{1327FF9E-0D53-46FB-9288-A5CC30096386} = {6B6CEE94-B90C-45D1-A830-A1032D8130CD}
		{0740AACA-A7FF-4AFF-BDBF-1A192C7F5C54} = {1327FF9E-0D53-46FB-9288-A5CC30096386}
		{379FE658-BA59-4190-9FC1-A0D548F07743} = {0740AACA-A7FF-4AFF-BDBF-1A192C7F5C54}
		{81E35DC3-EBB4-4B2D-BCD6-847297988654} = {0740AACA-A7FF-4AFF-BDBF-1A192C7F5C54}
		{A87FD9DB-2814-4924-AB0B-9B3AE2BB7796} = {0740AACA-A7FF-4AFF-BDBF-1A192C7F5C54}
		{4527198B-54ED-4C73-A935-59BFCC2589CB} = {C0603091-7FC2-4294-94F4-EFBDCB71D365}
		{24465F5E-1695-4EEE-83F7-5C2D4A01F281} = {C0603091-7FC2-4294-94F4-EFBDCB71D365}
		{DEC0EA3F-EBFC-4D82-8E4D-2F4E16465543} = {B9DA8252-341F-42A9-9F68-C3EA73DA59E2}
		{AA3CAB4F-ECF4-409C-AEC7-1AE7C974644E} = {6B6CEE94-B90C-45D1-A830-A1032D8130CD}
		{44D52ECF-1880-4025-B039-CD3FA0DDC630} = {AA3CAB4F-ECF4-409C-AEC7-1AE7C974644E}
		{F46CF8F0-F2CE-4126-BA83-A40F1401851E} = {AA3CAB4F-ECF4-409C-AEC7-1AE7C974644E}
		{06A1A7E6-02A5-45BA-9AE9-F70EAF2BDD3F} = {5CDB722D-5B36-455F-9612-9C39498D9693}
	EndGlobalSection
	GlobalSection(ExtensibilityGlobals) = postSolution
		SolutionGuid = {3A057602-2F48-48E5-A9A4-C95C82A96825}
	EndGlobalSection
EndGlobal
