
Microsoft Visual Studio Solution File, Format Version 12.00
# Visual Studio Version 17
VisualStudioVersion = 17.4.33213.308
MinimumVisualStudioVersion = 10.0.40219.1
Project("{2150E333-8FDC-42A3-9474-1A3956D46DE8}") = "src", "src", "{4B37E92C-1DF6-438C-9425-9CD42E69700A}"
EndProject
Project("{2150E333-8FDC-42A3-9474-1A3956D46DE8}") = "CleanArchitecture", "CleanArchitecture", "{5F5AB138-6E49-41BC-B306-6D62A63E2432}"
EndProject
Project("{9A19103F-16F7-4668-BE54-9A1E7A4F7556}") = "TGF.CA.Application.Setup", "src\CleanArchitecture\Application\TheGoodFramework.CA.Application\TGF.CA.Application.Setup.csproj", "{3F4848A7-3ED3-432E-8A9D-50D4D0B12BF4}"
EndProject
Project("{2150E333-8FDC-42A3-9474-1A3956D46DE8}") = "Common", "Common", "{5CDB722D-5B36-455F-9612-9C39498D9693}"
EndProject
Project("{9A19103F-16F7-4668-BE54-9A1E7A4F7556}") = "TGF.Common.Logging", "src\Common\TheGoodFramework.Common.Logging\TGF.Common.Logging.csproj", "{096FA537-6CCC-49C1-8CC6-0E61AE240355}"
EndProject
Project("{9A19103F-16F7-4668-BE54-9A1E7A4F7556}") = "TGF.Common.Extensions", "src\Common\TheGoodFramework.Common.Extensions\TGF.Common.Extensions.csproj", "{A40E4399-7B79-4B04-81A7-BE050140AB92}"
EndProject
Project("{2150E333-8FDC-42A3-9474-1A3956D46DE8}") = "Model", "Model", "{1155623B-4CFF-4747-A8A5-3EF58EA6819A}"
EndProject
Project("{9A19103F-16F7-4668-BE54-9A1E7A4F7556}") = "TGF.Model.Model", "src\Model\TheGoodFramework.Model.Model\TGF.Model.Model.csproj", "{27C7A810-7ADB-4F89-A3A8-1FA598BCF7DC}"
EndProject
Project("{9A19103F-16F7-4668-BE54-9A1E7A4F7556}") = "TGF.Common.ROP", "src\Common\TheGoodFramework.Common.ROP\TGF.Common.ROP.csproj", "{F776E976-D36A-417B-8F13-49722C226BF5}"
EndProject
Project("{2150E333-8FDC-42A3-9474-1A3956D46DE8}") = "Application", "Application", "{B9DA8252-341F-42A9-9F68-C3EA73DA59E2}"
EndProject
Project("{2150E333-8FDC-42A3-9474-1A3956D46DE8}") = "Infrastructure", "Infrastructure", "{6B6CEE94-B90C-45D1-A830-A1032D8130CD}"
EndProject
Project("{2150E333-8FDC-42A3-9474-1A3956D46DE8}") = "Presentation", "Presentation", "{59681847-C354-4051-878A-EA3267B110B0}"
EndProject
Project("{2150E333-8FDC-42A3-9474-1A3956D46DE8}") = "Domain", "Domain", "{C0603091-7FC2-4294-94F4-EFBDCB71D365}"
EndProject
Project("{9A19103F-16F7-4668-BE54-9A1E7A4F7556}") = "TGF.CA.Presentation.Middleware", "src\CleanArchitecture\Presentation\TGF.CA.Presentation.Middleware\TGF.CA.Presentation.Middleware.csproj", "{8D32AD0D-BAF8-48FB-90CF-09F27510C261}"
EndProject
Project("{9A19103F-16F7-4668-BE54-9A1E7A4F7556}") = "TGF.CA.Infrastructure.Communication", "src\CleanArchitecture\Infrastructure\TGF.CA.Infrastructure.Communication\TGF.CA.Infrastructure.Communication.csproj", "{6232BA10-0767-4A45-9A03-679F344DDA95}"
EndProject
Project("{9A19103F-16F7-4668-BE54-9A1E7A4F7556}") = "TGF.CA.Infrastructure.Discovery", "src\CleanArchitecture\Infrastructure\TGF.CA.Infrastructure.Discovery\TGF.CA.Infrastructure.Discovery.csproj", "{F609EF7A-017F-40FE-9EC5-428E377F9B50}"
EndProject
Project("{9A19103F-16F7-4668-BE54-9A1E7A4F7556}") = "TGF.CA.Infrastructure.Persistence", "src\CleanArchitecture\Infrastructure\TGF.CA.Infrastructure.Persistence\TGF.CA.Infrastructure.Persistence.csproj", "{A276DBA3-6299-4C7D-A3AA-5BE6825CB79D}"
EndProject
Project("{9A19103F-16F7-4668-BE54-9A1E7A4F7556}") = "TGF.CA.Domain", "src\CleanArchitecture\Domain\TheGoodFramework.CA.Domain\TGF.CA.Domain.csproj", "{A73B4DEB-F21A-4F96-AC03-2DA09E9863AF}"
EndProject
Project("{9A19103F-16F7-4668-BE54-9A1E7A4F7556}") = "TGF.CA.Infrastructure.Security.Secrets", "src\CleanArchitecture\Infrastructure\TGF.CA.Infrastructure.Security.Secrets\TGF.CA.Infrastructure.Security.Secrets.csproj", "{EE54F53A-0C0F-4AFC-86A9-0E6F034B1A30}"
EndProject
Project("{9A19103F-16F7-4668-BE54-9A1E7A4F7556}") = "TGF.Common.Serialization", "src\Common\TheGoodFramework.Common.Serialization\TGF.Common.Serialization.csproj", "{E97FD0CD-8B54-46C2-9660-59B243633C5F}"
EndProject
Project("{FAE04EC0-301F-11D3-BF4B-00C04F79EFBC}") = "TGF.Common.Net", "src\Common\TheGoodFramework.Common.Net\TGF.Common.Net.csproj", "{E8C77F26-4A57-4359-BFA4-B0ACA2A86076}"
EndProject
Global
	GlobalSection(SolutionConfigurationPlatforms) = preSolution
		Debug|Any CPU = Debug|Any CPU
		Release|Any CPU = Release|Any CPU
	EndGlobalSection
	GlobalSection(ProjectConfigurationPlatforms) = postSolution
		{3F4848A7-3ED3-432E-8A9D-50D4D0B12BF4}.Debug|Any CPU.ActiveCfg = Debug|Any CPU
		{3F4848A7-3ED3-432E-8A9D-50D4D0B12BF4}.Debug|Any CPU.Build.0 = Debug|Any CPU
		{3F4848A7-3ED3-432E-8A9D-50D4D0B12BF4}.Release|Any CPU.ActiveCfg = Release|Any CPU
		{3F4848A7-3ED3-432E-8A9D-50D4D0B12BF4}.Release|Any CPU.Build.0 = Release|Any CPU
		{096FA537-6CCC-49C1-8CC6-0E61AE240355}.Debug|Any CPU.ActiveCfg = Debug|Any CPU
		{096FA537-6CCC-49C1-8CC6-0E61AE240355}.Debug|Any CPU.Build.0 = Debug|Any CPU
		{096FA537-6CCC-49C1-8CC6-0E61AE240355}.Release|Any CPU.ActiveCfg = Release|Any CPU
		{096FA537-6CCC-49C1-8CC6-0E61AE240355}.Release|Any CPU.Build.0 = Release|Any CPU
		{A40E4399-7B79-4B04-81A7-BE050140AB92}.Debug|Any CPU.ActiveCfg = Debug|Any CPU
		{A40E4399-7B79-4B04-81A7-BE050140AB92}.Debug|Any CPU.Build.0 = Debug|Any CPU
		{A40E4399-7B79-4B04-81A7-BE050140AB92}.Release|Any CPU.ActiveCfg = Release|Any CPU
		{A40E4399-7B79-4B04-81A7-BE050140AB92}.Release|Any CPU.Build.0 = Release|Any CPU
		{27C7A810-7ADB-4F89-A3A8-1FA598BCF7DC}.Debug|Any CPU.ActiveCfg = Debug|Any CPU
		{27C7A810-7ADB-4F89-A3A8-1FA598BCF7DC}.Debug|Any CPU.Build.0 = Debug|Any CPU
		{27C7A810-7ADB-4F89-A3A8-1FA598BCF7DC}.Release|Any CPU.ActiveCfg = Release|Any CPU
		{27C7A810-7ADB-4F89-A3A8-1FA598BCF7DC}.Release|Any CPU.Build.0 = Release|Any CPU
		{F776E976-D36A-417B-8F13-49722C226BF5}.Debug|Any CPU.ActiveCfg = Debug|Any CPU
		{F776E976-D36A-417B-8F13-49722C226BF5}.Debug|Any CPU.Build.0 = Debug|Any CPU
		{F776E976-D36A-417B-8F13-49722C226BF5}.Release|Any CPU.ActiveCfg = Release|Any CPU
		{F776E976-D36A-417B-8F13-49722C226BF5}.Release|Any CPU.Build.0 = Release|Any CPU
		{8D32AD0D-BAF8-48FB-90CF-09F27510C261}.Debug|Any CPU.ActiveCfg = Debug|Any CPU
		{8D32AD0D-BAF8-48FB-90CF-09F27510C261}.Debug|Any CPU.Build.0 = Debug|Any CPU
		{8D32AD0D-BAF8-48FB-90CF-09F27510C261}.Release|Any CPU.ActiveCfg = Release|Any CPU
		{8D32AD0D-BAF8-48FB-90CF-09F27510C261}.Release|Any CPU.Build.0 = Release|Any CPU
		{6232BA10-0767-4A45-9A03-679F344DDA95}.Debug|Any CPU.ActiveCfg = Debug|Any CPU
		{6232BA10-0767-4A45-9A03-679F344DDA95}.Debug|Any CPU.Build.0 = Debug|Any CPU
		{6232BA10-0767-4A45-9A03-679F344DDA95}.Release|Any CPU.ActiveCfg = Release|Any CPU
		{6232BA10-0767-4A45-9A03-679F344DDA95}.Release|Any CPU.Build.0 = Release|Any CPU
		{F609EF7A-017F-40FE-9EC5-428E377F9B50}.Debug|Any CPU.ActiveCfg = Debug|Any CPU
		{F609EF7A-017F-40FE-9EC5-428E377F9B50}.Debug|Any CPU.Build.0 = Debug|Any CPU
		{F609EF7A-017F-40FE-9EC5-428E377F9B50}.Release|Any CPU.ActiveCfg = Release|Any CPU
		{F609EF7A-017F-40FE-9EC5-428E377F9B50}.Release|Any CPU.Build.0 = Release|Any CPU
		{A276DBA3-6299-4C7D-A3AA-5BE6825CB79D}.Debug|Any CPU.ActiveCfg = Debug|Any CPU
		{A276DBA3-6299-4C7D-A3AA-5BE6825CB79D}.Debug|Any CPU.Build.0 = Debug|Any CPU
		{A276DBA3-6299-4C7D-A3AA-5BE6825CB79D}.Release|Any CPU.ActiveCfg = Release|Any CPU
		{A276DBA3-6299-4C7D-A3AA-5BE6825CB79D}.Release|Any CPU.Build.0 = Release|Any CPU
		{A73B4DEB-F21A-4F96-AC03-2DA09E9863AF}.Debug|Any CPU.ActiveCfg = Debug|Any CPU
		{A73B4DEB-F21A-4F96-AC03-2DA09E9863AF}.Debug|Any CPU.Build.0 = Debug|Any CPU
		{A73B4DEB-F21A-4F96-AC03-2DA09E9863AF}.Release|Any CPU.ActiveCfg = Release|Any CPU
		{A73B4DEB-F21A-4F96-AC03-2DA09E9863AF}.Release|Any CPU.Build.0 = Release|Any CPU
		{EE54F53A-0C0F-4AFC-86A9-0E6F034B1A30}.Debug|Any CPU.ActiveCfg = Debug|Any CPU
		{EE54F53A-0C0F-4AFC-86A9-0E6F034B1A30}.Debug|Any CPU.Build.0 = Debug|Any CPU
		{EE54F53A-0C0F-4AFC-86A9-0E6F034B1A30}.Release|Any CPU.ActiveCfg = Release|Any CPU
		{EE54F53A-0C0F-4AFC-86A9-0E6F034B1A30}.Release|Any CPU.Build.0 = Release|Any CPU
		{E97FD0CD-8B54-46C2-9660-59B243633C5F}.Debug|Any CPU.ActiveCfg = Debug|Any CPU
		{E97FD0CD-8B54-46C2-9660-59B243633C5F}.Debug|Any CPU.Build.0 = Debug|Any CPU
		{E97FD0CD-8B54-46C2-9660-59B243633C5F}.Release|Any CPU.ActiveCfg = Release|Any CPU
		{E97FD0CD-8B54-46C2-9660-59B243633C5F}.Release|Any CPU.Build.0 = Release|Any CPU
		{E8C77F26-4A57-4359-BFA4-B0ACA2A86076}.Debug|Any CPU.ActiveCfg = Debug|Any CPU
		{E8C77F26-4A57-4359-BFA4-B0ACA2A86076}.Debug|Any CPU.Build.0 = Debug|Any CPU
		{E8C77F26-4A57-4359-BFA4-B0ACA2A86076}.Release|Any CPU.ActiveCfg = Release|Any CPU
		{E8C77F26-4A57-4359-BFA4-B0ACA2A86076}.Release|Any CPU.Build.0 = Release|Any CPU
	EndGlobalSection
	GlobalSection(SolutionProperties) = preSolution
		HideSolutionNode = FALSE
	EndGlobalSection
	GlobalSection(NestedProjects) = preSolution
		{5F5AB138-6E49-41BC-B306-6D62A63E2432} = {4B37E92C-1DF6-438C-9425-9CD42E69700A}
		{3F4848A7-3ED3-432E-8A9D-50D4D0B12BF4} = {B9DA8252-341F-42A9-9F68-C3EA73DA59E2}
		{5CDB722D-5B36-455F-9612-9C39498D9693} = {4B37E92C-1DF6-438C-9425-9CD42E69700A}
		{096FA537-6CCC-49C1-8CC6-0E61AE240355} = {5CDB722D-5B36-455F-9612-9C39498D9693}
		{A40E4399-7B79-4B04-81A7-BE050140AB92} = {5CDB722D-5B36-455F-9612-9C39498D9693}
		{1155623B-4CFF-4747-A8A5-3EF58EA6819A} = {4B37E92C-1DF6-438C-9425-9CD42E69700A}
		{27C7A810-7ADB-4F89-A3A8-1FA598BCF7DC} = {1155623B-4CFF-4747-A8A5-3EF58EA6819A}
		{F776E976-D36A-417B-8F13-49722C226BF5} = {5CDB722D-5B36-455F-9612-9C39498D9693}
		{B9DA8252-341F-42A9-9F68-C3EA73DA59E2} = {5F5AB138-6E49-41BC-B306-6D62A63E2432}
		{6B6CEE94-B90C-45D1-A830-A1032D8130CD} = {5F5AB138-6E49-41BC-B306-6D62A63E2432}
		{59681847-C354-4051-878A-EA3267B110B0} = {5F5AB138-6E49-41BC-B306-6D62A63E2432}
		{C0603091-7FC2-4294-94F4-EFBDCB71D365} = {5F5AB138-6E49-41BC-B306-6D62A63E2432}
		{8D32AD0D-BAF8-48FB-90CF-09F27510C261} = {59681847-C354-4051-878A-EA3267B110B0}
		{6232BA10-0767-4A45-9A03-679F344DDA95} = {6B6CEE94-B90C-45D1-A830-A1032D8130CD}
		{F609EF7A-017F-40FE-9EC5-428E377F9B50} = {6B6CEE94-B90C-45D1-A830-A1032D8130CD}
		{A276DBA3-6299-4C7D-A3AA-5BE6825CB79D} = {6B6CEE94-B90C-45D1-A830-A1032D8130CD}
		{A73B4DEB-F21A-4F96-AC03-2DA09E9863AF} = {C0603091-7FC2-4294-94F4-EFBDCB71D365}
		{EE54F53A-0C0F-4AFC-86A9-0E6F034B1A30} = {6B6CEE94-B90C-45D1-A830-A1032D8130CD}
		{E97FD0CD-8B54-46C2-9660-59B243633C5F} = {5CDB722D-5B36-455F-9612-9C39498D9693}
		{E8C77F26-4A57-4359-BFA4-B0ACA2A86076} = {5CDB722D-5B36-455F-9612-9C39498D9693}
	EndGlobalSection
	GlobalSection(ExtensibilityGlobals) = postSolution
		SolutionGuid = {3A057602-2F48-48E5-A9A4-C95C82A96825}
	EndGlobalSection
EndGlobal
